{
  "object": {
    "pins": [
      {
        "package": "NetKitLocal",
        "repositoryURL": "https://github.com/calebabm/NetKitLocal",
        "state": {
          "branch": "dev",
          "revision": "676f6f00d24153294bfb0a44ff4000ac054c5901",
          "version": null
        }
      }
    ]
  },
  "version": 1
}
