{
  "object": {
    "pins": [
      {
        "package": "NetKitLocal",
        "repositoryURL": "https://github.com/calebabm/NetKitLocal",
        "state": {
          "branch": "feature/combine-observable",
          "revision": "473022f4a50b1a8629c699951c53e926dfc7ee89",
          "version": null
        }
      }
    ]
  },
  "version": 1
}
