{
  "object": {
    "pins": [
      {
        "package": "NetKitLocal",
        "repositoryURL": "https://github.com/calebabm/NetKitLocal",
        "state": {
          "branch": "feature/combine-observable",
          "revision": "646382853bec3429979d5675ffeb1374391a0161",
          "version": null
        }
      }
    ]
  },
  "version": 1
}
